
Microsoft Visual Studio Solution File, Format Version 12.00
# Visual Studio Version 17
VisualStudioVersion = 17.0.31903.59
MinimumVisualStudioVersion = 10.0.40219.1
Project("{2150E333-8FDC-42A3-9474-1A3956D46DE8}") = "src", "src", "{827E0CD3-B72D-47B6-A68D-7590B98EB39B}"
EndProject
Project("{FAE04EC0-301F-11D3-BF4B-00C04F79EFBC}") = "RevitMCP.Contracts", "src\RevitMCP.Contracts\RevitMCP.Contracts.csproj", "{2CDF349B-67B2-40BC-8FA7-73B69588C873}"
EndProject
Project("{FAE04EC0-301F-11D3-BF4B-00C04F79EFBC}") = "RevitMCPBridge", "src\RevitMCPBridge\RevitMCPBridge.csproj", "{6BD516CD-FFAB-40C7-B376-B64E02CD4627}"
EndProject
Project("{FAE04EC0-301F-11D3-BF4B-00C04F79EFBC}") = "RevitMCPServer", "src\RevitMCPServer\RevitMCPServer.csproj", "{DB8BDAA7-67FA-4D22-92FC-BA4BFE9DA6E1}"
EndProject
Project("{2150E333-8FDC-42A3-9474-1A3956D46DE8}") = "tests", "tests", "{0AB3BF05-4346-4AA6-1389-037BE0695223}"
EndProject
Project("{FAE04EC0-301F-11D3-BF4B-00C04F79EFBC}") = "RevitMCP.Tests", "tests\RevitMCP.Tests\RevitMCP.Tests.csproj", "{E528BE3F-AB69-4DDF-B1A8-9AE7EC508AB8}"
EndProject
Global
	GlobalSection(SolutionConfigurationPlatforms) = preSolution
		Debug|Any CPU = Debug|Any CPU
		Debug|x64 = Debug|x64
		Debug|x86 = Debug|x86
		Release|Any CPU = Release|Any CPU
		Release|x64 = Release|x64
		Release|x86 = Release|x86
	EndGlobalSection
	GlobalSection(ProjectConfigurationPlatforms) = postSolution
		{2CDF349B-67B2-40BC-8FA7-73B69588C873}.Debug|Any CPU.ActiveCfg = Debug|Any CPU
		{2CDF349B-67B2-40BC-8FA7-73B69588C873}.Debug|Any CPU.Build.0 = Debug|Any CPU
		{2CDF349B-67B2-40BC-8FA7-73B69588C873}.Debug|x64.ActiveCfg = Debug|Any CPU
		{2CDF349B-67B2-40BC-8FA7-73B69588C873}.Debug|x64.Build.0 = Debug|Any CPU
		{2CDF349B-67B2-40BC-8FA7-73B69588C873}.Debug|x86.ActiveCfg = Debug|Any CPU
		{2CDF349B-67B2-40BC-8FA7-73B69588C873}.Debug|x86.Build.0 = Debug|Any CPU
		{2CDF349B-67B2-40BC-8FA7-73B69588C873}.Release|Any CPU.ActiveCfg = Release|Any CPU
		{2CDF349B-67B2-40BC-8FA7-73B69588C873}.Release|Any CPU.Build.0 = Release|Any CPU
		{2CDF349B-67B2-40BC-8FA7-73B69588C873}.Release|x64.ActiveCfg = Release|Any CPU
		{2CDF349B-67B2-40BC-8FA7-73B69588C873}.Release|x64.Build.0 = Release|Any CPU
		{2CDF349B-67B2-40BC-8FA7-73B69588C873}.Release|x86.ActiveCfg = Release|Any CPU
		{2CDF349B-67B2-40BC-8FA7-73B69588C873}.Release|x86.Build.0 = Release|Any CPU
		{6BD516CD-FFAB-40C7-B376-B64E02CD4627}.Debug|Any CPU.ActiveCfg = Debug|Any CPU
		{6BD516CD-FFAB-40C7-B376-B64E02CD4627}.Debug|Any CPU.Build.0 = Debug|Any CPU
		{6BD516CD-FFAB-40C7-B376-B64E02CD4627}.Debug|x64.ActiveCfg = Debug|Any CPU
		{6BD516CD-FFAB-40C7-B376-B64E02CD4627}.Debug|x64.Build.0 = Debug|Any CPU
		{6BD516CD-FFAB-40C7-B376-B64E02CD4627}.Debug|x86.ActiveCfg = Debug|Any CPU
		{6BD516CD-FFAB-40C7-B376-B64E02CD4627}.Debug|x86.Build.0 = Debug|Any CPU
		{6BD516CD-FFAB-40C7-B376-B64E02CD4627}.Release|Any CPU.ActiveCfg = Release|Any CPU
		{6BD516CD-FFAB-40C7-B376-B64E02CD4627}.Release|Any CPU.Build.0 = Release|Any CPU
		{6BD516CD-FFAB-40C7-B376-B64E02CD4627}.Release|x64.ActiveCfg = Release|Any CPU
		{6BD516CD-FFAB-40C7-B376-B64E02CD4627}.Release|x64.Build.0 = Release|Any CPU
		{6BD516CD-FFAB-40C7-B376-B64E02CD4627}.Release|x86.ActiveCfg = Release|Any CPU
		{6BD516CD-FFAB-40C7-B376-B64E02CD4627}.Release|x86.Build.0 = Release|Any CPU
		{DB8BDAA7-67FA-4D22-92FC-BA4BFE9DA6E1}.Debug|Any CPU.ActiveCfg = Debug|Any CPU
		{DB8BDAA7-67FA-4D22-92FC-BA4BFE9DA6E1}.Debug|Any CPU.Build.0 = Debug|Any CPU
		{DB8BDAA7-67FA-4D22-92FC-BA4BFE9DA6E1}.Debug|x64.ActiveCfg = Debug|Any CPU
		{DB8BDAA7-67FA-4D22-92FC-BA4BFE9DA6E1}.Debug|x64.Build.0 = Debug|Any CPU
		{DB8BDAA7-67FA-4D22-92FC-BA4BFE9DA6E1}.Debug|x86.ActiveCfg = Debug|Any CPU
		{DB8BDAA7-67FA-4D22-92FC-BA4BFE9DA6E1}.Debug|x86.Build.0 = Debug|Any CPU
		{DB8BDAA7-67FA-4D22-92FC-BA4BFE9DA6E1}.Release|Any CPU.ActiveCfg = Release|Any CPU
		{DB8BDAA7-67FA-4D22-92FC-BA4BFE9DA6E1}.Release|Any CPU.Build.0 = Release|Any CPU
		{DB8BDAA7-67FA-4D22-92FC-BA4BFE9DA6E1}.Release|x64.ActiveCfg = Release|Any CPU
		{DB8BDAA7-67FA-4D22-92FC-BA4BFE9DA6E1}.Release|x64.Build.0 = Release|Any CPU
		{DB8BDAA7-67FA-4D22-92FC-BA4BFE9DA6E1}.Release|x86.ActiveCfg = Release|Any CPU
		{DB8BDAA7-67FA-4D22-92FC-BA4BFE9DA6E1}.Release|x86.Build.0 = Release|Any CPU
		{E528BE3F-AB69-4DDF-B1A8-9AE7EC508AB8}.Debug|Any CPU.ActiveCfg = Debug|Any CPU
		{E528BE3F-AB69-4DDF-B1A8-9AE7EC508AB8}.Debug|Any CPU.Build.0 = Debug|Any CPU
		{E528BE3F-AB69-4DDF-B1A8-9AE7EC508AB8}.Debug|x64.ActiveCfg = Debug|Any CPU
		{E528BE3F-AB69-4DDF-B1A8-9AE7EC508AB8}.Debug|x64.Build.0 = Debug|Any CPU
		{E528BE3F-AB69-4DDF-B1A8-9AE7EC508AB8}.Debug|x86.ActiveCfg = Debug|Any CPU
		{E528BE3F-AB69-4DDF-B1A8-9AE7EC508AB8}.Debug|x86.Build.0 = Debug|Any CPU
		{E528BE3F-AB69-4DDF-B1A8-9AE7EC508AB8}.Release|Any CPU.ActiveCfg = Release|Any CPU
		{E528BE3F-AB69-4DDF-B1A8-9AE7EC508AB8}.Release|Any CPU.Build.0 = Release|Any CPU
		{E528BE3F-AB69-4DDF-B1A8-9AE7EC508AB8}.Release|x64.ActiveCfg = Release|Any CPU
		{E528BE3F-AB69-4DDF-B1A8-9AE7EC508AB8}.Release|x64.Build.0 = Release|Any CPU
		{E528BE3F-AB69-4DDF-B1A8-9AE7EC508AB8}.Release|x86.ActiveCfg = Release|Any CPU
		{E528BE3F-AB69-4DDF-B1A8-9AE7EC508AB8}.Release|x86.Build.0 = Release|Any CPU
	EndGlobalSection
	GlobalSection(SolutionProperties) = preSolution
		HideSolutionNode = FALSE
	EndGlobalSection
	GlobalSection(NestedProjects) = preSolution
		{2CDF349B-67B2-40BC-8FA7-73B69588C873} = {827E0CD3-B72D-47B6-A68D-7590B98EB39B}
		{6BD516CD-FFAB-40C7-B376-B64E02CD4627} = {827E0CD3-B72D-47B6-A68D-7590B98EB39B}
		{DB8BDAA7-67FA-4D22-92FC-BA4BFE9DA6E1} = {827E0CD3-B72D-47B6-A68D-7590B98EB39B}
		{E528BE3F-AB69-4DDF-B1A8-9AE7EC508AB8} = {0AB3BF05-4346-4AA6-1389-037BE0695223}
	EndGlobalSection
EndGlobal
