<Solution>
  <Folder Name="/src/">
    <Project Path="src/RevitMCP.Contracts/RevitMCP.Contracts.csproj" />
    <Project Path="src/RevitMCPBridge/RevitMCPBridge.csproj" />
    <Project Path="src/RevitMCPServer/RevitMCPServer.csproj" />
  </Folder>
  <Folder Name="/tests/">
    <Project Path="tests/RevitMCP.Tests/RevitMCP.Tests.csproj" />
  </Folder>
</Solution>
